# This file is generated by running "yarn install" inside your project.
# Manual changes might be lost - proceed with caution!

__metadata:
  version: 6
  cacheKey: 8

"@types/lodash@npm:^4.14.198":
  version: 4.14.198
  resolution: "@types/lodash@npm:4.14.198"
  checksum: b290e4480707151bcec738bca40527915defe52a0d8e26c83685c674163a265e1a88cb2ee56b0fb587a89819d0cd5df86ada836aec3e9c2e4bf516e7d348d524
  languageName: node
  linkType: hard

"@types/node@npm:^20.6.0":
  version: 20.6.0
  resolution: "@types/node@npm:20.6.0"
  checksum: 52611801af5cf151c6fac1963aa4a8a8ca2e388a9e9ed82b01b70bca762088ded5b32cc789c5564220d5d7dccba2b8dd34446a3d4fc74736805e1f2cf262e29d
  languageName: node
  linkType: hard

"SC2-i18n-framework@workspace:.":
  version: 0.0.0-use.local
  resolution: "SC2-i18n-framework@workspace:."
  dependencies:
    "@types/lodash": ^4.14.198
    "@types/node": ^20.6.0
    json5: ^2.2.3
    jszip: ^3.10.1
    lodash: ^4.17.21
    ts-mixer: ^6.0.3
    typescript: ^5.1.6
  languageName: unknown
  linkType: soft

"core-util-is@npm:~1.0.0":
  version: 1.0.3
  resolution: "core-util-is@npm:1.0.3"
  checksum: 9de8597363a8e9b9952491ebe18167e3b36e7707569eed0ebf14f8bba773611376466ae34575bca8cfe3c767890c859c74056084738f09d4e4a6f902b2ad7d99
  languageName: node
  linkType: hard

"immediate@npm:~3.0.5":
  version: 3.0.6
  resolution: "immediate@npm:3.0.6"
  checksum: f9b3486477555997657f70318cc8d3416159f208bec4cca3ff3442fd266bc23f50f0c9bd8547e1371a6b5e82b821ec9a7044a4f7b944798b25aa3cc6d5e63e62
  languageName: node
  linkType: hard

"inherits@npm:~2.0.3":
  version: 2.0.4
  resolution: "inherits@npm:2.0.4"
  checksum: 4a48a733847879d6cf6691860a6b1e3f0f4754176e4d71494c41f3475553768b10f84b5ce1d40fbd0e34e6bfbb864ee35858ad4dd2cf31e02fc4a154b724d7f1
  languageName: node
  linkType: hard

"isarray@npm:~1.0.0":
  version: 1.0.0
  resolution: "isarray@npm:1.0.0"
  checksum: f032df8e02dce8ec565cf2eb605ea939bdccea528dbcf565cdf92bfa2da9110461159d86a537388ef1acef8815a330642d7885b29010e8f7eac967c9993b65ab
  languageName: node
  linkType: hard

"json5@npm:^2.2.3":
  version: 2.2.3
  resolution: "json5@npm:2.2.3"
  bin:
    json5: lib/cli.js
  checksum: 2a7436a93393830bce797d4626275152e37e877b265e94ca69c99e3d20c2b9dab021279146a39cdb700e71b2dd32a4cebd1514cd57cee102b1af906ce5040349
  languageName: node
  linkType: hard

"jszip@npm:^3.10.1":
  version: 3.10.1
  resolution: "jszip@npm:3.10.1"
  dependencies:
    lie: ~3.3.0
    pako: ~1.0.2
    readable-stream: ~2.3.6
    setimmediate: ^1.0.5
  checksum: abc77bfbe33e691d4d1ac9c74c8851b5761fba6a6986630864f98d876f3fcc2d36817dfc183779f32c00157b5d53a016796677298272a714ae096dfe6b1c8b60
  languageName: node
  linkType: hard

"lie@npm:~3.3.0":
  version: 3.3.0
  resolution: "lie@npm:3.3.0"
  dependencies:
    immediate: ~3.0.5
  checksum: 33102302cf19766f97919a6a98d481e01393288b17a6aa1f030a3542031df42736edde8dab29ffdbf90bebeffc48c761eb1d064dc77592ca3ba3556f9fe6d2a8
  languageName: node
  linkType: hard

"lodash@npm:^4.17.21":
  version: 4.17.21
  resolution: "lodash@npm:4.17.21"
  checksum: eb835a2e51d381e561e508ce932ea50a8e5a68f4ebdd771ea240d3048244a8d13658acbd502cd4829768c56f2e16bdd4340b9ea141297d472517b83868e677f7
  languageName: node
  linkType: hard

"pako@npm:~1.0.2":
  version: 1.0.11
  resolution: "pako@npm:1.0.11"
  checksum: 1be2bfa1f807608c7538afa15d6f25baa523c30ec870a3228a89579e474a4d992f4293859524e46d5d87fd30fa17c5edf34dbef0671251d9749820b488660b16
  languageName: node
  linkType: hard

"process-nextick-args@npm:~2.0.0":
  version: 2.0.1
  resolution: "process-nextick-args@npm:2.0.1"
  checksum: 1d38588e520dab7cea67cbbe2efdd86a10cc7a074c09657635e34f035277b59fbb57d09d8638346bf7090f8e8ebc070c96fa5fd183b777fff4f5edff5e9466cf
  languageName: node
  linkType: hard

"readable-stream@npm:~2.3.6":
  version: 2.3.8
  resolution: "readable-stream@npm:2.3.8"
  dependencies:
    core-util-is: ~1.0.0
    inherits: ~2.0.3
    isarray: ~1.0.0
    process-nextick-args: ~2.0.0
    safe-buffer: ~5.1.1
    string_decoder: ~1.1.1
    util-deprecate: ~1.0.1
  checksum: 65645467038704f0c8aaf026a72fbb588a9e2ef7a75cd57a01702ee9db1c4a1e4b03aaad36861a6a0926546a74d174149c8c207527963e0c2d3eee2f37678a42
  languageName: node
  linkType: hard

"safe-buffer@npm:~5.1.0, safe-buffer@npm:~5.1.1":
  version: 5.1.2
  resolution: "safe-buffer@npm:5.1.2"
  checksum: f2f1f7943ca44a594893a852894055cf619c1fbcb611237fc39e461ae751187e7baf4dc391a72125e0ac4fb2d8c5c0b3c71529622e6a58f46b960211e704903c
  languageName: node
  linkType: hard

"setimmediate@npm:^1.0.5":
  version: 1.0.5
  resolution: "setimmediate@npm:1.0.5"
  checksum: c9a6f2c5b51a2dabdc0247db9c46460152ffc62ee139f3157440bd48e7c59425093f42719ac1d7931f054f153e2d26cf37dfeb8da17a794a58198a2705e527fd
  languageName: node
  linkType: hard

"string_decoder@npm:~1.1.1":
  version: 1.1.1
  resolution: "string_decoder@npm:1.1.1"
  dependencies:
    safe-buffer: ~5.1.0
  checksum: 9ab7e56f9d60a28f2be697419917c50cac19f3e8e6c28ef26ed5f4852289fe0de5d6997d29becf59028556f2c62983790c1d9ba1e2a3cc401768ca12d5183a5b
  languageName: node
  linkType: hard

"ts-mixer@npm:^6.0.3":
  version: 6.0.3
  resolution: "ts-mixer@npm:6.0.3"
  checksum: 7fbaba0a413bf817835a6a23d46bccf4192dd4d7345b6bae9d594c88acffac35bf4995ef3cce753090c8abcdf2afd16dba8899365584a1f960ccc2a15bf2e2d6
  languageName: node
  linkType: hard

"typescript@npm:^5.1.6":
  version: 5.2.2
  resolution: "typescript@npm:5.2.2"
  bin:
    tsc: bin/tsc
    tsserver: bin/tsserver
  checksum: 7912821dac4d962d315c36800fe387cdc0a6298dba7ec171b350b4a6e988b51d7b8f051317786db1094bd7431d526b648aba7da8236607febb26cf5b871d2d3c
  languageName: node
  linkType: hard

"typescript@patch:typescript@^5.1.6#~builtin<compat/typescript>":
  version: 5.2.2
  resolution: "typescript@patch:typescript@npm%3A5.2.2#~builtin<compat/typescript>::version=5.2.2&hash=1f5320"
  bin:
    tsc: bin/tsc
    tsserver: bin/tsserver
  checksum: 07106822b4305de3f22835cbba949a2b35451cad50888759b6818421290ff95d522b38ef7919e70fb381c5fe9c1c643d7dea22c8b31652a717ddbd57b7f4d554
  languageName: node
  linkType: hard

"util-deprecate@npm:~1.0.1":
  version: 1.0.2
  resolution: "util-deprecate@npm:1.0.2"
  checksum: 474acf1146cb2701fe3b074892217553dfcf9a031280919ba1b8d651a068c9b15d863b7303cb15bd00a862b498e6cf4ad7b4a08fb134edd5a6f7641681cb54a2
  languageName: node
  linkType: hard
